
Microsoft Visual Studio Solution File, Format Version 12.00
# Visual Studio Version 17
VisualStudioVersion = 17.0.32112.339
MinimumVisualStudioVersion = 10.0.40219.1
Project("{FAE04EC0-301F-11D3-BF4B-00C04F79EFBC}") = "ManageMoneyAPI", "ManageMoneyAPI\ManageMoneyAPI.csproj", "{635E8CEC-32BF-437D-BFC9-A859A41BE9AF}"
EndProject
Global
	GlobalSection(SolutionConfigurationPlatforms) = preSolution
		Debug|Any CPU = Debug|Any CPU
		Release|Any CPU = Release|Any CPU
	EndGlobalSection
	GlobalSection(ProjectConfigurationPlatforms) = postSolution
		{635E8CEC-32BF-437D-BFC9-A859A41BE9AF}.Debug|Any CPU.ActiveCfg = Debug|Any CPU
		{635E8CEC-32BF-437D-BFC9-A859A41BE9AF}.Debug|Any CPU.Build.0 = Debug|Any CPU
		{635E8CEC-32BF-437D-BFC9-A859A41BE9AF}.Release|Any CPU.ActiveCfg = Release|Any CPU
		{635E8CEC-32BF-437D-BFC9-A859A41BE9AF}.Release|Any CPU.Build.0 = Release|Any CPU
	EndGlobalSection
	GlobalSection(SolutionProperties) = preSolution
		HideSolutionNode = FALSE
	EndGlobalSection
	GlobalSection(ExtensibilityGlobals) = postSolution
		SolutionGuid = {A3CEEDA3-80C3-40A6-8EDB-1C85C095F188}
	EndGlobalSection
EndGlobal
